// !$*UTF8*$!
{
	archiveVersion = 1;
	classes = {
	};
	objectVersion = 46;
	objects = {

/* Begin PBXBuildFile section */
		37916C371AB32994001BD96A /* Petrucci.cpp in Sources */ = {isa = PBXBuildFile; fileRef = 37916C361AB32994001BD96A /* Petrucci.cpp */; };
		37941E9519FCC4E000C39FAA /* Bellefont.cpp in Sources */ = {isa = PBXBuildFile; fileRef = 37941E9419FCC4E000C39FAA /* Bellefont.cpp */; };
		379669201A061037004D3313 /* Joie.cpp in Sources */ = {isa = PBXBuildFile; fileRef = 3796691F1A061037004D3313 /* Joie.cpp */; };
		37A589671A01521F003E3DFB /* Gentium.cpp in Sources */ = {isa = PBXBuildFile; fileRef = 37A589661A01521F003E3DFB /* Gentium.cpp */; };
		37F3A7C81B2865D600104EDC /* Belle.cpp in Sources */ = {isa = PBXBuildFile; fileRef = 37F3A7C71B2865D600104EDC /* Belle.cpp */; };
/* End PBXBuildFile section */

/* Begin PBXCopyFilesBuildPhase section */
		37916C2F1AB3296D001BD96A /* CopyFiles */ = {
			isa = PBXCopyFilesBuildPhase;
			buildActionMask = 8;
			dstPath = /usr/share/man/man1/;
			dstSubfolderSpec = 0;
			files = (
			);
			runOnlyForDeploymentPostprocessing = 1;
		};
		37941E8D19FCC4A700C39FAA /* CopyFiles */ = {
			isa = PBXCopyFilesBuildPhase;
			buildActionMask = 8;
			dstPath = /usr/share/man/man1/;
			dstSubfolderSpec = 0;
			files = (
			);
			runOnlyForDeploymentPostprocessing = 1;
		};
		379669181A06100D004D3313 /* CopyFiles */ = {
			isa = PBXCopyFilesBuildPhase;
			buildActionMask = 8;
			dstPath = /usr/share/man/man1/;
			dstSubfolderSpec = 0;
			files = (
			);
			runOnlyForDeploymentPostprocessing = 1;
		};
		37A3A5431AC3E8D0005CA738 /* CopyFiles */ = {
			isa = PBXCopyFilesBuildPhase;
			buildActionMask = 8;
			dstPath = /usr/share/man/man1/;
			dstSubfolderSpec = 0;
			files = (
			);
			runOnlyForDeploymentPostprocessing = 1;
		};
		37A589601A0151E6003E3DFB /* CopyFiles */ = {
			isa = PBXCopyFilesBuildPhase;
			buildActionMask = 8;
			dstPath = /usr/share/man/man1/;
			dstSubfolderSpec = 0;
			files = (
			);
			runOnlyForDeploymentPostprocessing = 1;
		};
/* End PBXCopyFilesBuildPhase section */

/* Begin PBXFileReference section */
		17674DAC204ED633008EE603 /* Paper.hpp */ = {isa = PBXFileReference; fileEncoding = 4; lastKnownFileType = sourcecode.cpp.h; path = Paper.hpp; sourceTree = "<group>"; };
		17F82D3A2058FDA0004FB77A /* Utils.hpp */ = {isa = PBXFileReference; fileEncoding = 4; lastKnownFileType = sourcecode.cpp.h; path = Utils.hpp; sourceTree = "<group>"; };
		37077B881AB5663E00C7C0C4 /* GentiumBasicBold.hpp */ = {isa = PBXFileReference; fileEncoding = 4; lastKnownFileType = sourcecode.cpp.h; path = GentiumBasicBold.hpp; sourceTree = "<group>"; };
		37077B891AB5663E00C7C0C4 /* GentiumBasicItalic.hpp */ = {isa = PBXFileReference; fileEncoding = 4; lastKnownFileType = sourcecode.cpp.h; path = GentiumBasicItalic.hpp; sourceTree = "<group>"; };
		37077B8A1AB5663E00C7C0C4 /* GentiumBasicRegular.hpp */ = {isa = PBXFileReference; fileEncoding = 4; lastKnownFileType = sourcecode.cpp.h; path = GentiumBasicRegular.hpp; sourceTree = "<group>"; };
		37077B8B1AB5663E00C7C0C4 /* Petrucci.hpp */ = {isa = PBXFileReference; fileEncoding = 4; lastKnownFileType = sourcecode.cpp.h; path = Petrucci.hpp; sourceTree = "<group>"; };
		3708D0F31ADEA33D00E114A6 /* Abstract.hpp */ = {isa = PBXFileReference; fileEncoding = 4; lastKnownFileType = sourcecode.cpp.h; path = Abstract.hpp; sourceTree = "<group>"; };
		3708D1A61ADEB9EE00E114A6 /* Adjust.hpp */ = {isa = PBXFileReference; fileEncoding = 4; lastKnownFileType = sourcecode.cpp.h; path = Adjust.hpp; sourceTree = "<group>"; };
		3708D1A71ADEB9EE00E114A6 /* Beaming.hpp */ = {isa = PBXFileReference; fileEncoding = 4; lastKnownFileType = sourcecode.cpp.h; path = Beaming.hpp; sourceTree = "<group>"; };
		3708D1A81ADEB9EE00E114A6 /* Direction.hpp */ = {isa = PBXFileReference; fileEncoding = 4; lastKnownFileType = sourcecode.cpp.h; path = Direction.hpp; sourceTree = "<group>"; };
		3708D1A91ADEB9EE00E114A6 /* Hull.hpp */ = {isa = PBXFileReference; fileEncoding = 4; lastKnownFileType = sourcecode.cpp.h; path = Hull.hpp; sourceTree = "<group>"; };
		3708D1AA1ADEB9EE00E114A6 /* Select.hpp */ = {isa = PBXFileReference; fileEncoding = 4; lastKnownFileType = sourcecode.cpp.h; path = Select.hpp; sourceTree = "<group>"; };
		3708D1AB1ADEB9EE00E114A6 /* Spacing.hpp */ = {isa = PBXFileReference; fileEncoding = 4; lastKnownFileType = sourcecode.cpp.h; path = Spacing.hpp; sourceTree = "<group>"; };
		3708D1AC1ADEB9EE00E114A6 /* Stems.hpp */ = {isa = PBXFileReference; fileEncoding = 4; lastKnownFileType = sourcecode.cpp.h; path = Stems.hpp; sourceTree = "<group>"; };
		3708D1AD1ADEB9EE00E114A6 /* Tupletting.hpp */ = {isa = PBXFileReference; fileEncoding = 4; lastKnownFileType = sourcecode.cpp.h; path = Tupletting.hpp; sourceTree = "<group>"; };
		3708D1AF1ADEB9FE00E114A6 /* GrandStaff.hpp */ = {isa = PBXFileReference; fileEncoding = 4; lastKnownFileType = sourcecode.cpp.h; path = GrandStaff.hpp; sourceTree = "<group>"; };
		370A79F11BAD60F000361894 /* Chords.hpp */ = {isa = PBXFileReference; fileEncoding = 4; lastKnownFileType = sourcecode.cpp.h; path = Chords.hpp; sourceTree = "<group>"; };
		370CC2DB1B231D2200888D42 /* Spell.hpp */ = {isa = PBXFileReference; fileEncoding = 4; lastKnownFileType = sourcecode.cpp.h; path = Spell.hpp; sourceTree = "<group>"; };
		37145C811BC6C9F8005D15C7 /* Belle_4.hpp */ = {isa = PBXFileReference; fileEncoding = 4; lastKnownFileType = sourcecode.cpp.h; path = Belle_4.hpp; sourceTree = "<group>"; };
		3722316B1A1CF6F600B6B053 /* Paintable.hpp */ = {isa = PBXFileReference; fileEncoding = 4; lastKnownFileType = sourcecode.cpp.h; path = Paintable.hpp; sourceTree = "<group>"; };
		3728B62019E6C755000C88D4 /* Belle.hpp */ = {isa = PBXFileReference; fileEncoding = 4; lastKnownFileType = sourcecode.cpp.h; name = Belle.hpp; path = ../Source/Belle.hpp; sourceTree = "<group>"; };
		3728B62219E6C755000C88D4 /* Affine.hpp */ = {isa = PBXFileReference; fileEncoding = 4; lastKnownFileType = sourcecode.cpp.h; path = Affine.hpp; sourceTree = "<group>"; };
		3728B62419E6C755000C88D4 /* Colors.hpp */ = {isa = PBXFileReference; fileEncoding = 4; lastKnownFileType = sourcecode.cpp.h; path = Colors.hpp; sourceTree = "<group>"; };
		3728B62519E6C755000C88D4 /* Core.hpp */ = {isa = PBXFileReference; fileEncoding = 4; lastKnownFileType = sourcecode.cpp.h; path = Core.hpp; sourceTree = "<group>"; };
		3728B62619E6C755000C88D4 /* Glyph.hpp */ = {isa = PBXFileReference; fileEncoding = 4; lastKnownFileType = sourcecode.cpp.h; path = Glyph.hpp; sourceTree = "<group>"; };
		3728B62B19E6C755000C88D4 /* Painter.hpp */ = {isa = PBXFileReference; fileEncoding = 4; lastKnownFileType = sourcecode.cpp.h; path = Painter.hpp; sourceTree = "<group>"; };
		3728B62C19E6C755000C88D4 /* Path.hpp */ = {isa = PBXFileReference; fileEncoding = 4; lastKnownFileType = sourcecode.cpp.h; path = Path.hpp; sourceTree = "<group>"; };
		3728B62E19E6C755000C88D4 /* Raster.hpp */ = {isa = PBXFileReference; fileEncoding = 4; lastKnownFileType = sourcecode.cpp.h; path = Raster.hpp; sourceTree = "<group>"; };
		3728B63019E6C755000C88D4 /* Typeface.hpp */ = {isa = PBXFileReference; fileEncoding = 4; lastKnownFileType = sourcecode.cpp.h; path = Typeface.hpp; sourceTree = "<group>"; };
		3728B63119E6C755000C88D4 /* Units.hpp */ = {isa = PBXFileReference; fileEncoding = 4; lastKnownFileType = sourcecode.cpp.h; path = Units.hpp; sourceTree = "<group>"; };
		3728B63B19E6C755000C88D4 /* Accidental.hpp */ = {isa = PBXFileReference; fileEncoding = 4; lastKnownFileType = sourcecode.cpp.h; path = Accidental.hpp; sourceTree = "<group>"; };
		3728B63C19E6C755000C88D4 /* Barline.hpp */ = {isa = PBXFileReference; fileEncoding = 4; lastKnownFileType = sourcecode.cpp.h; path = Barline.hpp; sourceTree = "<group>"; };
		3728B63D19E6C755000C88D4 /* Beam.hpp */ = {isa = PBXFileReference; fileEncoding = 4; lastKnownFileType = sourcecode.cpp.h; path = Beam.hpp; sourceTree = "<group>"; };
		3728B63E19E6C755000C88D4 /* Brace.hpp */ = {isa = PBXFileReference; fileEncoding = 4; lastKnownFileType = sourcecode.cpp.h; path = Brace.hpp; sourceTree = "<group>"; };
		3728B63F19E6C755000C88D4 /* Chord.hpp */ = {isa = PBXFileReference; fileEncoding = 4; lastKnownFileType = sourcecode.cpp.h; path = Chord.hpp; sourceTree = "<group>"; };
		3728B64019E6C755000C88D4 /* Clef.hpp */ = {isa = PBXFileReference; fileEncoding = 4; lastKnownFileType = sourcecode.cpp.h; path = Clef.hpp; sourceTree = "<group>"; };
		3728B64119E6C755000C88D4 /* Dot.hpp */ = {isa = PBXFileReference; fileEncoding = 4; lastKnownFileType = sourcecode.cpp.h; path = Dot.hpp; sourceTree = "<group>"; };
		3728B64219E6C755000C88D4 /* Flag.hpp */ = {isa = PBXFileReference; fileEncoding = 4; lastKnownFileType = sourcecode.cpp.h; path = Flag.hpp; sourceTree = "<group>"; };
		3728B64319E6C755000C88D4 /* House.hpp */ = {isa = PBXFileReference; fileEncoding = 4; lastKnownFileType = sourcecode.cpp.h; path = House.hpp; sourceTree = "<group>"; };
		3728B64519E6C755000C88D4 /* Ledger.hpp */ = {isa = PBXFileReference; fileEncoding = 4; lastKnownFileType = sourcecode.cpp.h; path = Ledger.hpp; sourceTree = "<group>"; };
		3728B64619E6C755000C88D4 /* TimeSignature.hpp */ = {isa = PBXFileReference; fileEncoding = 4; lastKnownFileType = sourcecode.cpp.h; path = TimeSignature.hpp; sourceTree = "<group>"; };
		3728B64719E6C755000C88D4 /* Symbols.hpp */ = {isa = PBXFileReference; fileEncoding = 4; lastKnownFileType = sourcecode.cpp.h; path = Symbols.hpp; sourceTree = "<group>"; };
		3728B64819E6C755000C88D4 /* Note.hpp */ = {isa = PBXFileReference; fileEncoding = 4; lastKnownFileType = sourcecode.cpp.h; path = Note.hpp; sourceTree = "<group>"; };
		3728B64A19E6C755000C88D4 /* Rest.hpp */ = {isa = PBXFileReference; fileEncoding = 4; lastKnownFileType = sourcecode.cpp.h; path = Rest.hpp; sourceTree = "<group>"; };
		3728B64B19E6C755000C88D4 /* KeySignature.hpp */ = {isa = PBXFileReference; fileEncoding = 4; lastKnownFileType = sourcecode.cpp.h; path = KeySignature.hpp; sourceTree = "<group>"; };
		3728B66E19E6C755000C88D4 /* Painters.hpp */ = {isa = PBXFileReference; fileEncoding = 4; lastKnownFileType = sourcecode.cpp.h; path = Painters.hpp; sourceTree = "<group>"; };
		3728B66F19E6C755000C88D4 /* PDF.hpp */ = {isa = PBXFileReference; fileEncoding = 4; lastKnownFileType = sourcecode.cpp.h; path = PDF.hpp; sourceTree = "<group>"; };
		373C62281A3DFA590006D731 /* GentiumBasicBoldItalic.hpp */ = {isa = PBXFileReference; fileEncoding = 4; lastKnownFileType = sourcecode.cpp.h; path = GentiumBasicBoldItalic.hpp; sourceTree = "<group>"; };
		374B8FD819E7E26D00E55B1E /* Tie.hpp */ = {isa = PBXFileReference; fileEncoding = 4; lastKnownFileType = sourcecode.cpp.h; path = Tie.hpp; sourceTree = "<group>"; };
		376A25931BA5A0EF005A6A50 /* Belle_1.hpp */ = {isa = PBXFileReference; fileEncoding = 4; lastKnownFileType = sourcecode.cpp.h; path = Belle_1.hpp; sourceTree = "<group>"; };
		37916C331AB3296D001BD96A /* Petrucci */ = {isa = PBXFileReference; explicitFileType = "compiled.mach-o.executable"; includeInIndex = 0; path = Petrucci; sourceTree = BUILT_PRODUCTS_DIR; };
		37916C361AB32994001BD96A /* Petrucci.cpp */ = {isa = PBXFileReference; fileEncoding = 4; lastKnownFileType = sourcecode.cpp.cpp; path = Petrucci.cpp; sourceTree = "<group>"; };
		379389E319FFCDBB00541727 /* Fonts.hpp */ = {isa = PBXFileReference; fileEncoding = 4; lastKnownFileType = sourcecode.cpp.h; path = Fonts.hpp; sourceTree = "<group>"; };
		379389E419FFCDBB00541727 /* Joie.hpp */ = {isa = PBXFileReference; fileEncoding = 4; lastKnownFileType = sourcecode.cpp.h; path = Joie.hpp; sourceTree = "<group>"; };
		37938A0419FFD54A00541727 /* Binary.hpp */ = {isa = PBXFileReference; fileEncoding = 4; lastKnownFileType = sourcecode.cpp.h; path = Binary.hpp; sourceTree = "<group>"; };
		37938BC91A00058E00541727 /* Instruction.hpp */ = {isa = PBXFileReference; fileEncoding = 4; lastKnownFileType = sourcecode.cpp.h; path = Instruction.hpp; sourceTree = "<group>"; };
		37941E9119FCC4A800C39FAA /* Bellefont */ = {isa = PBXFileReference; explicitFileType = "compiled.mach-o.executable"; includeInIndex = 0; path = Bellefont; sourceTree = BUILT_PRODUCTS_DIR; };
		37941E9419FCC4E000C39FAA /* Bellefont.cpp */ = {isa = PBXFileReference; fileEncoding = 4; lastKnownFileType = sourcecode.cpp.cpp; path = Bellefont.cpp; sourceTree = "<group>"; };
		3796691C1A06100D004D3313 /* Joie */ = {isa = PBXFileReference; explicitFileType = "compiled.mach-o.executable"; includeInIndex = 0; path = Joie; sourceTree = BUILT_PRODUCTS_DIR; };
		3796691F1A061037004D3313 /* Joie.cpp */ = {isa = PBXFileReference; fileEncoding = 4; lastKnownFileType = sourcecode.cpp.cpp; path = Joie.cpp; sourceTree = "<group>"; };
		37971A701B22C1B600E441B7 /* Interval.hpp */ = {isa = PBXFileReference; fileEncoding = 4; lastKnownFileType = sourcecode.cpp.h; path = Interval.hpp; sourceTree = "<group>"; };
		379A79781BAABDEA008BAE20 /* Belle_2.hpp */ = {isa = PBXFileReference; fileEncoding = 4; lastKnownFileType = sourcecode.cpp.h; path = Belle_2.hpp; sourceTree = "<group>"; };
		379CCA881B26E1A10077108D /* Utils.hpp */ = {isa = PBXFileReference; fileEncoding = 4; lastKnownFileType = sourcecode.cpp.h; path = Utils.hpp; sourceTree = "<group>"; };
		379CCAF91B26EA7C0077108D /* Utils.hpp */ = {isa = PBXFileReference; fileEncoding = 4; lastKnownFileType = sourcecode.cpp.h; path = Utils.hpp; sourceTree = "<group>"; };
		379D95331A3CA5A400FF1520 /* Tuplet.hpp */ = {isa = PBXFileReference; fileEncoding = 4; lastKnownFileType = sourcecode.cpp.h; path = Tuplet.hpp; sourceTree = "<group>"; };
		37A1719B1B468E10003D4F13 /* Tuple.hpp */ = {isa = PBXFileReference; fileEncoding = 4; lastKnownFileType = sourcecode.cpp.h; path = Tuple.hpp; sourceTree = "<group>"; };
		37A3A5471AC3E8D1005CA738 /* Belle */ = {isa = PBXFileReference; explicitFileType = "compiled.mach-o.executable"; includeInIndex = 0; path = Belle; sourceTree = BUILT_PRODUCTS_DIR; };
		37A589641A0151E6003E3DFB /* Gentium */ = {isa = PBXFileReference; explicitFileType = "compiled.mach-o.executable"; includeInIndex = 0; path = Gentium; sourceTree = BUILT_PRODUCTS_DIR; };
		37A589661A01521F003E3DFB /* Gentium.cpp */ = {isa = PBXFileReference; fileEncoding = 4; lastKnownFileType = sourcecode.cpp.cpp; path = Gentium.cpp; sourceTree = "<group>"; };
		37AA34591BB5881E00F8D1E5 /* Extra.hpp */ = {isa = PBXFileReference; fileEncoding = 4; lastKnownFileType = sourcecode.cpp.h; path = Extra.hpp; sourceTree = "<group>"; };
		37AA35381BB5A9A500F8D1E5 /* Density.hpp */ = {isa = PBXFileReference; fileEncoding = 4; lastKnownFileType = sourcecode.cpp.h; path = Density.hpp; sourceTree = "<group>"; };
		37B15A1E1BC124C400DBD58A /* Belle_3.hpp */ = {isa = PBXFileReference; fileEncoding = 4; lastKnownFileType = sourcecode.cpp.h; path = Belle_3.hpp; sourceTree = "<group>"; };
		37B5F45C1AFD0C3B00BF4351 /* FreeType.hpp */ = {isa = PBXFileReference; fileEncoding = 4; lastKnownFileType = sourcecode.cpp.h; path = FreeType.hpp; sourceTree = "<group>"; };
		37B5F45F1AFD0C3B00BF4351 /* MicaData_1.hpp */ = {isa = PBXFileReference; fileEncoding = 4; lastKnownFileType = sourcecode.cpp.h; path = MicaData_1.hpp; sourceTree = "<group>"; };
		37B5F4601AFD0C3B00BF4351 /* MicaData_2.hpp */ = {isa = PBXFileReference; fileEncoding = 4; lastKnownFileType = sourcecode.cpp.h; path = MicaData_2.hpp; sourceTree = "<group>"; };
		37B5F4611AFD0C3B00BF4351 /* MicaData_3.hpp */ = {isa = PBXFileReference; fileEncoding = 4; lastKnownFileType = sourcecode.cpp.h; path = MicaData_3.hpp; sourceTree = "<group>"; };
		37B5F4621AFD0C3B00BF4351 /* MicaData_4.hpp */ = {isa = PBXFileReference; fileEncoding = 4; lastKnownFileType = sourcecode.cpp.h; path = MicaData_4.hpp; sourceTree = "<group>"; };
		37B5F4631AFD0C3B00BF4351 /* MicaData_5.hpp */ = {isa = PBXFileReference; fileEncoding = 4; lastKnownFileType = sourcecode.cpp.h; path = MicaData_5.hpp; sourceTree = "<group>"; };
		37B5F4641AFD0C3B00BF4351 /* MicaData_6.hpp */ = {isa = PBXFileReference; fileEncoding = 4; lastKnownFileType = sourcecode.cpp.h; path = MicaData_6.hpp; sourceTree = "<group>"; };
		37B5F4651AFD0C3B00BF4351 /* MicaData_7.hpp */ = {isa = PBXFileReference; fileEncoding = 4; lastKnownFileType = sourcecode.cpp.h; path = MicaData_7.hpp; sourceTree = "<group>"; };
		37B5F4661AFD0C3B00BF4351 /* MicaDatabase.hpp */ = {isa = PBXFileReference; fileEncoding = 4; lastKnownFileType = sourcecode.cpp.h; path = MicaDatabase.hpp; sourceTree = "<group>"; };
		37B5F4671AFD0C3B00BF4351 /* Mica.cpp */ = {isa = PBXFileReference; fileEncoding = 4; lastKnownFileType = sourcecode.cpp.cpp; path = Mica.cpp; sourceTree = "<group>"; };
		37B5F4681AFD0C3B00BF4351 /* Mica.hpp */ = {isa = PBXFileReference; fileEncoding = 4; lastKnownFileType = sourcecode.cpp.h; path = Mica.hpp; sourceTree = "<group>"; };
		37B5F4691AFD0C3B00BF4351 /* MicaInternal.hpp */ = {isa = PBXFileReference; fileEncoding = 4; lastKnownFileType = sourcecode.cpp.h; path = MicaInternal.hpp; sourceTree = "<group>"; };
		37B5F46C1AFD0C3B00BF4351 /* Array.hpp */ = {isa = PBXFileReference; fileEncoding = 4; lastKnownFileType = sourcecode.cpp.h; path = Array.hpp; sourceTree = "<group>"; };
		37B5F46D1AFD0C3B00BF4351 /* Assert.hpp */ = {isa = PBXFileReference; fileEncoding = 4; lastKnownFileType = sourcecode.cpp.h; path = Assert.hpp; sourceTree = "<group>"; };
		37B5F46E1AFD0C3B00BF4351 /* Bezier.hpp */ = {isa = PBXFileReference; fileEncoding = 4; lastKnownFileType = sourcecode.cpp.h; path = Bezier.hpp; sourceTree = "<group>"; };
		37B5F46F1AFD0C3B00BF4351 /* Complex.hpp */ = {isa = PBXFileReference; fileEncoding = 4; lastKnownFileType = sourcecode.cpp.h; path = Complex.hpp; sourceTree = "<group>"; };
		37B5F4711AFD0C3B00BF4351 /* Define.hpp */ = {isa = PBXFileReference; fileEncoding = 4; lastKnownFileType = sourcecode.cpp.h; path = Define.hpp; sourceTree = "<group>"; };
		37B5F4721AFD0C3B00BF4351 /* Endian.hpp */ = {isa = PBXFileReference; fileEncoding = 4; lastKnownFileType = sourcecode.cpp.h; path = Endian.hpp; sourceTree = "<group>"; };
		37B5F4731AFD0C3B00BF4351 /* File.hpp */ = {isa = PBXFileReference; fileEncoding = 4; lastKnownFileType = sourcecode.cpp.h; path = File.hpp; sourceTree = "<group>"; };
		37B5F4741AFD0C3B00BF4351 /* Graph.hpp */ = {isa = PBXFileReference; fileEncoding = 4; lastKnownFileType = sourcecode.cpp.h; path = Graph.hpp; sourceTree = "<group>"; };
		37B5F4751AFD0C3B00BF4351 /* Leaks.hpp */ = {isa = PBXFileReference; fileEncoding = 4; lastKnownFileType = sourcecode.cpp.h; path = Leaks.hpp; sourceTree = "<group>"; };
		37B5F4761AFD0C3B00BF4351 /* Line.hpp */ = {isa = PBXFileReference; fileEncoding = 4; lastKnownFileType = sourcecode.cpp.h; path = Line.hpp; sourceTree = "<group>"; };
		37B5F4781AFD0C3B00BF4351 /* Math.hpp */ = {isa = PBXFileReference; fileEncoding = 4; lastKnownFileType = sourcecode.cpp.h; path = Math.hpp; sourceTree = "<group>"; };
		37B5F4791AFD0C3B00BF4351 /* Memory.hpp */ = {isa = PBXFileReference; fileEncoding = 4; lastKnownFileType = sourcecode.cpp.h; path = Memory.hpp; sourceTree = "<group>"; };
		37B5F47A1AFD0C3B00BF4351 /* NewLine.hpp */ = {isa = PBXFileReference; fileEncoding = 4; lastKnownFileType = sourcecode.cpp.h; path = NewLine.hpp; sourceTree = "<group>"; };
		37B5F47B1AFD0C3B00BF4351 /* Pointer.hpp */ = {isa = PBXFileReference; fileEncoding = 4; lastKnownFileType = sourcecode.cpp.h; path = Pointer.hpp; sourceTree = "<group>"; };
		37B5F47C1AFD0C3B00BF4351 /* Polygon.hpp */ = {isa = PBXFileReference; fileEncoding = 4; lastKnownFileType = sourcecode.cpp.h; path = Polygon.hpp; sourceTree = "<group>"; };
		37B5F47D1AFD0C3B00BF4351 /* Prim.hpp */ = {isa = PBXFileReference; fileEncoding = 4; lastKnownFileType = sourcecode.cpp.h; path = Prim.hpp; sourceTree = "<group>"; };
		37B5F47F1AFD0C3B00BF4351 /* Rational.hpp */ = {isa = PBXFileReference; fileEncoding = 4; lastKnownFileType = sourcecode.cpp.h; path = Rational.hpp; sourceTree = "<group>"; };
		37B5F4801AFD0C3B00BF4351 /* Rectangle.hpp */ = {isa = PBXFileReference; fileEncoding = 4; lastKnownFileType = sourcecode.cpp.h; path = Rectangle.hpp; sourceTree = "<group>"; };
		37B5F4811AFD0C3B00BF4351 /* Standard.hpp */ = {isa = PBXFileReference; fileEncoding = 4; lastKnownFileType = sourcecode.cpp.h; path = Standard.hpp; sourceTree = "<group>"; };
		37B5F4821AFD0C3B00BF4351 /* String.hpp */ = {isa = PBXFileReference; fileEncoding = 4; lastKnownFileType = sourcecode.cpp.h; path = String.hpp; sourceTree = "<group>"; };
		37B5F4831AFD0C3B00BF4351 /* Table.hpp */ = {isa = PBXFileReference; fileEncoding = 4; lastKnownFileType = sourcecode.cpp.h; path = Table.hpp; sourceTree = "<group>"; };
		37B5F4851AFD0C3B00BF4351 /* Types.hpp */ = {isa = PBXFileReference; fileEncoding = 4; lastKnownFileType = sourcecode.cpp.h; path = Types.hpp; sourceTree = "<group>"; };
		37C71D601A1BB478006D105F /* Optics.hpp */ = {isa = PBXFileReference; fileEncoding = 4; lastKnownFileType = sourcecode.cpp.h; path = Optics.hpp; sourceTree = "<group>"; };
		37D9B3AA1AAB099C00C7A911 /* Engravers.hpp */ = {isa = PBXFileReference; fileEncoding = 4; lastKnownFileType = sourcecode.cpp.h; path = Engravers.hpp; sourceTree = "<group>"; };
		37D9B3AB1AAB099C00C7A911 /* Engraving.hpp */ = {isa = PBXFileReference; fileEncoding = 4; lastKnownFileType = sourcecode.cpp.h; path = Engraving.hpp; sourceTree = "<group>"; };
		37D9B3AC1AAB099C00C7A911 /* Typesetters.hpp */ = {isa = PBXFileReference; fileEncoding = 4; lastKnownFileType = sourcecode.cpp.h; path = Typesetters.hpp; sourceTree = "<group>"; };
		37D9B3AD1AAB099C00C7A911 /* Typesetting.hpp */ = {isa = PBXFileReference; fileEncoding = 4; lastKnownFileType = sourcecode.cpp.h; path = Typesetting.hpp; sourceTree = "<group>"; };
		37E9AC431AA8BA4500B06477 /* Modern.hpp */ = {isa = PBXFileReference; fileEncoding = 4; lastKnownFileType = sourcecode.cpp.h; path = Modern.hpp; sourceTree = "<group>"; };
		37E9AC451AA8BA4500B06477 /* Base.hpp */ = {isa = PBXFileReference; fileEncoding = 4; lastKnownFileType = sourcecode.cpp.h; path = Base.hpp; sourceTree = "<group>"; };
		37E9AC461AA8BA4500B06477 /* Graphic.hpp */ = {isa = PBXFileReference; fileEncoding = 4; lastKnownFileType = sourcecode.cpp.h; path = Graphic.hpp; sourceTree = "<group>"; };
		37E9AC471AA8BA4500B06477 /* Instant.hpp */ = {isa = PBXFileReference; fileEncoding = 4; lastKnownFileType = sourcecode.cpp.h; path = Instant.hpp; sourceTree = "<group>"; };
		37E9AC481AA8BA4500B06477 /* Label.hpp */ = {isa = PBXFileReference; fileEncoding = 4; lastKnownFileType = sourcecode.cpp.h; path = Label.hpp; sourceTree = "<group>"; };
		37E9AC491AA8BA4500B06477 /* Music.hpp */ = {isa = PBXFileReference; fileEncoding = 4; lastKnownFileType = sourcecode.cpp.h; path = Music.hpp; sourceTree = "<group>"; };
		37E9AC4A1AA8BA4500B06477 /* Paint.hpp */ = {isa = PBXFileReference; fileEncoding = 4; lastKnownFileType = sourcecode.cpp.h; path = Paint.hpp; sourceTree = "<group>"; };
		37E9AC4B1AA8BA4500B06477 /* Part.hpp */ = {isa = PBXFileReference; fileEncoding = 4; lastKnownFileType = sourcecode.cpp.h; path = Part.hpp; sourceTree = "<group>"; };
		37E9AC4D1AA8BA4500B06477 /* Stamp.hpp */ = {isa = PBXFileReference; fileEncoding = 4; lastKnownFileType = sourcecode.cpp.h; path = Stamp.hpp; sourceTree = "<group>"; };
		37E9AC4E1AA8BA4500B06477 /* State.hpp */ = {isa = PBXFileReference; fileEncoding = 4; lastKnownFileType = sourcecode.cpp.h; path = State.hpp; sourceTree = "<group>"; };
		37F3A7C71B2865D600104EDC /* Belle.cpp */ = {isa = PBXFileReference; fileEncoding = 4; lastKnownFileType = sourcecode.cpp.cpp; path = Belle.cpp; sourceTree = "<group>"; };
/* End PBXFileReference section */

/* Begin PBXFrameworksBuildPhase section */
		37916C2E1AB3296D001BD96A /* Frameworks */ = {
			isa = PBXFrameworksBuildPhase;
			buildActionMask = 2147483647;
			files = (
			);
			runOnlyForDeploymentPostprocessing = 0;
		};
		37941E8C19FCC4A700C39FAA /* Frameworks */ = {
			isa = PBXFrameworksBuildPhase;
			buildActionMask = 2147483647;
			files = (
			);
			runOnlyForDeploymentPostprocessing = 0;
		};
		379669171A06100D004D3313 /* Frameworks */ = {
			isa = PBXFrameworksBuildPhase;
			buildActionMask = 2147483647;
			files = (
			);
			runOnlyForDeploymentPostprocessing = 0;
		};
		37A3A5421AC3E8D0005CA738 /* Frameworks */ = {
			isa = PBXFrameworksBuildPhase;
			buildActionMask = 2147483647;
			files = (
			);
			runOnlyForDeploymentPostprocessing = 0;
		};
		37A5895F1A0151E6003E3DFB /* Frameworks */ = {
			isa = PBXFrameworksBuildPhase;
			buildActionMask = 2147483647;
			files = (
			);
			runOnlyForDeploymentPostprocessing = 0;
		};
/* End PBXFrameworksBuildPhase section */

/* Begin PBXGroup section */
		08FB7794FE84155DC02AAC07 /* Toto */ = {
			isa = PBXGroup;
			children = (
				3728B62019E6C755000C88D4 /* Belle.hpp */,
				3728B62119E6C755000C88D4 /* Core */,
				379389E219FFCDBB00541727 /* Fonts */,
				37E9AC391AA8BA4500B06477 /* Modern */,
				3728B63A19E6C755000C88D4 /* Symbols */,
				3728B66C19E6C755000C88D4 /* Painters */,
				37495C5E1A0AA06C0071E40E /* Tools */,
				3764A1811EBAFB33005946D1 /* Example */,
				377C3CF21A0500010064D107 /* Resources */,
			);
			name = Toto;
			sourceTree = "<group>";
		};
		1AB674ADFE9D54B511CA2CBB /* Products */ = {
			isa = PBXGroup;
			children = (
				37941E9119FCC4A800C39FAA /* Bellefont */,
				37A589641A0151E6003E3DFB /* Gentium */,
				3796691C1A06100D004D3313 /* Joie */,
				37916C331AB3296D001BD96A /* Petrucci */,
				37A3A5471AC3E8D1005CA738 /* Belle */,
			);
			name = Products;
			sourceTree = "<group>";
		};
		3708D1A51ADEB9EE00E114A6 /* Helpers */ = {
			isa = PBXGroup;
			children = (
				3708D1A61ADEB9EE00E114A6 /* Adjust.hpp */,
				3708D1A71ADEB9EE00E114A6 /* Beaming.hpp */,
				3708D1A81ADEB9EE00E114A6 /* Direction.hpp */,
				3708D1A91ADEB9EE00E114A6 /* Hull.hpp */,
				3708D1AA1ADEB9EE00E114A6 /* Select.hpp */,
				3708D1AB1ADEB9EE00E114A6 /* Spacing.hpp */,
				37AA35381BB5A9A500F8D1E5 /* Density.hpp */,
				3708D1AC1ADEB9EE00E114A6 /* Stems.hpp */,
				3708D1AD1ADEB9EE00E114A6 /* Tupletting.hpp */,
			);
			path = Helpers;
			sourceTree = "<group>";
		};
		3708D1AE1ADEB9FE00E114A6 /* Builders */ = {
			isa = PBXGroup;
			children = (
				3708D1AF1ADEB9FE00E114A6 /* GrandStaff.hpp */,
			);
			path = Builders;
			sourceTree = "<group>";
		};
		3728B62119E6C755000C88D4 /* Core */ = {
			isa = PBXGroup;
			children = (
				37B5F46B1AFD0C3B00BF4351 /* Prim */,
				37B5F45D1AFD0C3B00BF4351 /* MICA */,
				3728B62519E6C755000C88D4 /* Core.hpp */,
				3728B62419E6C755000C88D4 /* Colors.hpp */,
				3728B62219E6C755000C88D4 /* Affine.hpp */,
				3728B63119E6C755000C88D4 /* Units.hpp */,
				17674DAC204ED633008EE603 /* Paper.hpp */,
				37938BC91A00058E00541727 /* Instruction.hpp */,
				3728B62C19E6C755000C88D4 /* Path.hpp */,
				3728B62619E6C755000C88D4 /* Glyph.hpp */,
				3728B63019E6C755000C88D4 /* Typeface.hpp */,
				37938A0419FFD54A00541727 /* Binary.hpp */,
				37C71D601A1BB478006D105F /* Optics.hpp */,
				3728B62E19E6C755000C88D4 /* Raster.hpp */,
				3722316B1A1CF6F600B6B053 /* Paintable.hpp */,
				3728B62B19E6C755000C88D4 /* Painter.hpp */,
			);
			name = Core;
			path = ../Source/Core;
			sourceTree = "<group>";
		};
		3728B63A19E6C755000C88D4 /* Symbols */ = {
			isa = PBXGroup;
			children = (
				3728B64719E6C755000C88D4 /* Symbols.hpp */,
				3728B64319E6C755000C88D4 /* House.hpp */,
				379CCAF91B26EA7C0077108D /* Utils.hpp */,
				3728B64219E6C755000C88D4 /* Flag.hpp */,
				3728B64819E6C755000C88D4 /* Note.hpp */,
				3728B64519E6C755000C88D4 /* Ledger.hpp */,
				3728B63B19E6C755000C88D4 /* Accidental.hpp */,
				3728B64119E6C755000C88D4 /* Dot.hpp */,
				3728B63E19E6C755000C88D4 /* Brace.hpp */,
				3728B63C19E6C755000C88D4 /* Barline.hpp */,
				3728B64019E6C755000C88D4 /* Clef.hpp */,
				3728B64619E6C755000C88D4 /* TimeSignature.hpp */,
				3728B64B19E6C755000C88D4 /* KeySignature.hpp */,
				374B8FD819E7E26D00E55B1E /* Tie.hpp */,
				3728B64A19E6C755000C88D4 /* Rest.hpp */,
				3728B63D19E6C755000C88D4 /* Beam.hpp */,
				379D95331A3CA5A400FF1520 /* Tuplet.hpp */,
				3728B63F19E6C755000C88D4 /* Chord.hpp */,
				37AA34591BB5881E00F8D1E5 /* Extra.hpp */,
			);
			name = Symbols;
			path = ../Source/Symbols;
			sourceTree = "<group>";
		};
		3728B66C19E6C755000C88D4 /* Painters */ = {
			isa = PBXGroup;
			children = (
				3728B66E19E6C755000C88D4 /* Painters.hpp */,
				3728B66F19E6C755000C88D4 /* PDF.hpp */,
			);
			name = Painters;
			path = ../Source/Painters;
			sourceTree = "<group>";
		};
		37495C5E1A0AA06C0071E40E /* Tools */ = {
			isa = PBXGroup;
			children = (
				37941E9419FCC4E000C39FAA /* Bellefont.cpp */,
				37A589661A01521F003E3DFB /* Gentium.cpp */,
				3796691F1A061037004D3313 /* Joie.cpp */,
				37916C361AB32994001BD96A /* Petrucci.cpp */,
			);
			name = Tools;
			sourceTree = "<group>";
		};
		3764A1811EBAFB33005946D1 /* Example */ = {
			isa = PBXGroup;
			children = (
				376A25931BA5A0EF005A6A50 /* Belle_1.hpp */,
				379A79781BAABDEA008BAE20 /* Belle_2.hpp */,
				37B15A1E1BC124C400DBD58A /* Belle_3.hpp */,
				37145C811BC6C9F8005D15C7 /* Belle_4.hpp */,
				37F3A7C71B2865D600104EDC /* Belle.cpp */,
			);
			name = Example;
			sourceTree = "<group>";
		};
		377C3CF21A0500010064D107 /* Resources */ = {
			isa = PBXGroup;
			children = (
				1AB674ADFE9D54B511CA2CBB /* Products */,
			);
			name = Resources;
			sourceTree = "<group>";
		};
		379389E219FFCDBB00541727 /* Fonts */ = {
			isa = PBXGroup;
			children = (
				37B5F45B1AFD0C3B00BF4351 /* FreeType */,
				379389E319FFCDBB00541727 /* Fonts.hpp */,
				379389E419FFCDBB00541727 /* Joie.hpp */,
				37077B8B1AB5663E00C7C0C4 /* Petrucci.hpp */,
				37077B881AB5663E00C7C0C4 /* GentiumBasicBold.hpp */,
				37077B891AB5663E00C7C0C4 /* GentiumBasicItalic.hpp */,
				37077B8A1AB5663E00C7C0C4 /* GentiumBasicRegular.hpp */,
				373C62281A3DFA590006D731 /* GentiumBasicBoldItalic.hpp */,
			);
			name = Fonts;
			path = ../Source/Fonts;
			sourceTree = "<group>";
		};
		37971A6E1B22C1B600E441B7 /* MIR */ = {
			isa = PBXGroup;
			children = (
				379CCA881B26E1A10077108D /* Utils.hpp */,
				37971A701B22C1B600E441B7 /* Interval.hpp */,
				37A1719B1B468E10003D4F13 /* Tuple.hpp */,
				370CC2DB1B231D2200888D42 /* Spell.hpp */,
			);
			path = MIR;
			sourceTree = "<group>";
		};
		37B5F45B1AFD0C3B00BF4351 /* FreeType */ = {
			isa = PBXGroup;
			children = (
				37B5F45C1AFD0C3B00BF4351 /* FreeType.hpp */,
			);
			name = FreeType;
			path = ../Core/FreeType;
			sourceTree = "<group>";
		};
		37B5F45D1AFD0C3B00BF4351 /* MICA */ = {
			isa = PBXGroup;
			children = (
				37B5F4681AFD0C3B00BF4351 /* Mica.hpp */,
				37B5F4671AFD0C3B00BF4351 /* Mica.cpp */,
				37B5F4691AFD0C3B00BF4351 /* MicaInternal.hpp */,
				37B5F45E1AFD0C3B00BF4351 /* Data */,
				37971A6E1B22C1B600E441B7 /* MIR */,
			);
			path = MICA;
			sourceTree = "<group>";
		};
		37B5F45E1AFD0C3B00BF4351 /* Data */ = {
			isa = PBXGroup;
			children = (
				37B5F45F1AFD0C3B00BF4351 /* MicaData_1.hpp */,
				37B5F4601AFD0C3B00BF4351 /* MicaData_2.hpp */,
				37B5F4611AFD0C3B00BF4351 /* MicaData_3.hpp */,
				37B5F4621AFD0C3B00BF4351 /* MicaData_4.hpp */,
				37B5F4631AFD0C3B00BF4351 /* MicaData_5.hpp */,
				37B5F4641AFD0C3B00BF4351 /* MicaData_6.hpp */,
				37B5F4651AFD0C3B00BF4351 /* MicaData_7.hpp */,
				37B5F4661AFD0C3B00BF4351 /* MicaDatabase.hpp */,
			);
			path = Data;
			sourceTree = "<group>";
		};
		37B5F46B1AFD0C3B00BF4351 /* Prim */ = {
			isa = PBXGroup;
			children = (
				37B5F47D1AFD0C3B00BF4351 /* Prim.hpp */,
				37B5F4711AFD0C3B00BF4351 /* Define.hpp */,
				37B5F4811AFD0C3B00BF4351 /* Standard.hpp */,
				37B5F4851AFD0C3B00BF4351 /* Types.hpp */,
				37B5F46D1AFD0C3B00BF4351 /* Assert.hpp */,
				37B5F4751AFD0C3B00BF4351 /* Leaks.hpp */,
				37B5F4721AFD0C3B00BF4351 /* Endian.hpp */,
				37B5F4791AFD0C3B00BF4351 /* Memory.hpp */,
				37B5F4781AFD0C3B00BF4351 /* Math.hpp */,
				37B5F47B1AFD0C3B00BF4351 /* Pointer.hpp */,
				37B5F46F1AFD0C3B00BF4351 /* Complex.hpp */,
				37B5F47F1AFD0C3B00BF4351 /* Rational.hpp */,
				37B5F46C1AFD0C3B00BF4351 /* Array.hpp */,
				37B5F4831AFD0C3B00BF4351 /* Table.hpp */,
				37B5F4821AFD0C3B00BF4351 /* String.hpp */,
				37B5F4741AFD0C3B00BF4351 /* Graph.hpp */,
				17F82D3A2058FDA0004FB77A /* Utils.hpp */,
				37B5F47A1AFD0C3B00BF4351 /* NewLine.hpp */,
				37B5F4731AFD0C3B00BF4351 /* File.hpp */,
				37B5F4801AFD0C3B00BF4351 /* Rectangle.hpp */,
				37B5F4761AFD0C3B00BF4351 /* Line.hpp */,
				37B5F46E1AFD0C3B00BF4351 /* Bezier.hpp */,
				37B5F47C1AFD0C3B00BF4351 /* Polygon.hpp */,
			);
			path = Prim;
			sourceTree = "<group>";
		};
		37D9B3A81AAB099C00C7A911 /* Functors */ = {
			isa = PBXGroup;
			children = (
				3708D0F31ADEA33D00E114A6 /* Abstract.hpp */,
				37D9B3AA1AAB099C00C7A911 /* Engravers.hpp */,
				37D9B3AB1AAB099C00C7A911 /* Engraving.hpp */,
				37D9B3AC1AAB099C00C7A911 /* Typesetters.hpp */,
				37D9B3AD1AAB099C00C7A911 /* Typesetting.hpp */,
			);
			path = Functors;
			sourceTree = "<group>";
		};
		37E9AC391AA8BA4500B06477 /* Modern */ = {
			isa = PBXGroup;
			children = (
				37E9AC431AA8BA4500B06477 /* Modern.hpp */,
				37E9AC441AA8BA4500B06477 /* Music */,
				37D9B3A81AAB099C00C7A911 /* Functors */,
				3708D1A51ADEB9EE00E114A6 /* Helpers */,
				3708D1AE1ADEB9FE00E114A6 /* Builders */,
			);
			name = Modern;
			path = ../Source/Modern;
			sourceTree = "<group>";
		};
		37E9AC441AA8BA4500B06477 /* Music */ = {
			isa = PBXGroup;
			children = (
				37E9AC481AA8BA4500B06477 /* Label.hpp */,
				37E9AC461AA8BA4500B06477 /* Graphic.hpp */,
				37E9AC4D1AA8BA4500B06477 /* Stamp.hpp */,
				37E9AC471AA8BA4500B06477 /* Instant.hpp */,
				37E9AC4B1AA8BA4500B06477 /* Part.hpp */,
				37E9AC4E1AA8BA4500B06477 /* State.hpp */,
				37E9AC451AA8BA4500B06477 /* Base.hpp */,
				370A79F11BAD60F000361894 /* Chords.hpp */,
				37E9AC491AA8BA4500B06477 /* Music.hpp */,
				37E9AC4A1AA8BA4500B06477 /* Paint.hpp */,
			);
			path = Music;
			sourceTree = "<group>";
		};
/* End PBXGroup section */

/* Begin PBXNativeTarget section */
		37916C2B1AB3296D001BD96A /* Petrucci */ = {
			isa = PBXNativeTarget;
			buildConfigurationList = 37916C301AB3296D001BD96A /* Build configuration list for PBXNativeTarget "Petrucci" */;
			buildPhases = (
				37916C2C1AB3296D001BD96A /* Sources */,
				37916C2E1AB3296D001BD96A /* Frameworks */,
				37916C2F1AB3296D001BD96A /* CopyFiles */,
			);
			buildRules = (
			);
			dependencies = (
			);
			name = Petrucci;
			productInstallPath = "$(HOME)/bin";
			productName = Toto;
			productReference = 37916C331AB3296D001BD96A /* Petrucci */;
			productType = "com.apple.product-type.tool";
		};
		37941E8919FCC4A700C39FAA /* Bellefont */ = {
			isa = PBXNativeTarget;
			buildConfigurationList = 37941E8E19FCC4A700C39FAA /* Build configuration list for PBXNativeTarget "Bellefont" */;
			buildPhases = (
				37941E8A19FCC4A700C39FAA /* Sources */,
				37941E8C19FCC4A700C39FAA /* Frameworks */,
				37941E8D19FCC4A700C39FAA /* CopyFiles */,
			);
			buildRules = (
			);
			dependencies = (
			);
			name = Bellefont;
			productInstallPath = "$(HOME)/bin";
			productName = Toto;
			productReference = 37941E9119FCC4A800C39FAA /* Bellefont */;
			productType = "com.apple.product-type.tool";
		};
		379669141A06100D004D3313 /* Joie */ = {
			isa = PBXNativeTarget;
			buildConfigurationList = 379669191A06100D004D3313 /* Build configuration list for PBXNativeTarget "Joie" */;
			buildPhases = (
				379669151A06100D004D3313 /* Sources */,
				379669171A06100D004D3313 /* Frameworks */,
				379669181A06100D004D3313 /* CopyFiles */,
			);
			buildRules = (
			);
			dependencies = (
			);
			name = Joie;
			productInstallPath = "$(HOME)/bin";
			productName = Toto;
			productReference = 3796691C1A06100D004D3313 /* Joie */;
			productType = "com.apple.product-type.tool";
		};
		37A3A53F1AC3E8D0005CA738 /* Belle */ = {
			isa = PBXNativeTarget;
			buildConfigurationList = 37A3A5441AC3E8D0005CA738 /* Build configuration list for PBXNativeTarget "Belle" */;
			buildPhases = (
				37A3A5401AC3E8D0005CA738 /* Sources */,
				37A3A5421AC3E8D0005CA738 /* Frameworks */,
				37A3A5431AC3E8D0005CA738 /* CopyFiles */,
			);
			buildRules = (
			);
			dependencies = (
			);
			name = Belle;
			productInstallPath = "$(HOME)/bin";
			productName = Toto;
			productReference = 37A3A5471AC3E8D1005CA738 /* Belle */;
			productType = "com.apple.product-type.tool";
		};
		37A5895C1A0151E6003E3DFB /* Gentium */ = {
			isa = PBXNativeTarget;
			buildConfigurationList = 37A589611A0151E6003E3DFB /* Build configuration list for PBXNativeTarget "Gentium" */;
			buildPhases = (
				37A5895D1A0151E6003E3DFB /* Sources */,
				37A5895F1A0151E6003E3DFB /* Frameworks */,
				37A589601A0151E6003E3DFB /* CopyFiles */,
			);
			buildRules = (
			);
			dependencies = (
			);
			name = Gentium;
			productInstallPath = "$(HOME)/bin";
			productName = Toto;
			productReference = 37A589641A0151E6003E3DFB /* Gentium */;
			productType = "com.apple.product-type.tool";
		};
/* End PBXNativeTarget section */

/* Begin PBXProject section */
		08FB7793FE84155DC02AAC07 /* Project object */ = {
			isa = PBXProject;
			attributes = {
			};
			buildConfigurationList = 1DEB923508733DC60010E9CD /* Build configuration list for PBXProject "Belle" */;
			compatibilityVersion = "Xcode 3.2";
			developmentRegion = English;
			hasScannedForEncodings = 1;
			knownRegions = (
				English,
				Japanese,
				French,
				German,
			);
			mainGroup = 08FB7794FE84155DC02AAC07 /* Toto */;
			projectDirPath = "";
			projectRoot = "";
			targets = (
				37941E8919FCC4A700C39FAA /* Bellefont */,
				37A5895C1A0151E6003E3DFB /* Gentium */,
				379669141A06100D004D3313 /* Joie */,
				37916C2B1AB3296D001BD96A /* Petrucci */,
				37A3A53F1AC3E8D0005CA738 /* Belle */,
			);
		};
/* End PBXProject section */

/* Begin PBXSourcesBuildPhase section */
		37916C2C1AB3296D001BD96A /* Sources */ = {
			isa = PBXSourcesBuildPhase;
			buildActionMask = 2147483647;
			files = (
				37916C371AB32994001BD96A /* Petrucci.cpp in Sources */,
			);
			runOnlyForDeploymentPostprocessing = 0;
		};
		37941E8A19FCC4A700C39FAA /* Sources */ = {
			isa = PBXSourcesBuildPhase;
			buildActionMask = 2147483647;
			files = (
				37941E9519FCC4E000C39FAA /* Bellefont.cpp in Sources */,
			);
			runOnlyForDeploymentPostprocessing = 0;
		};
		379669151A06100D004D3313 /* Sources */ = {
			isa = PBXSourcesBuildPhase;
			buildActionMask = 2147483647;
			files = (
				379669201A061037004D3313 /* Joie.cpp in Sources */,
			);
			runOnlyForDeploymentPostprocessing = 0;
		};
		37A3A5401AC3E8D0005CA738 /* Sources */ = {
			isa = PBXSourcesBuildPhase;
			buildActionMask = 2147483647;
			files = (
				37F3A7C81B2865D600104EDC /* Belle.cpp in Sources */,
			);
			runOnlyForDeploymentPostprocessing = 0;
		};
		37A5895D1A0151E6003E3DFB /* Sources */ = {
			isa = PBXSourcesBuildPhase;
			buildActionMask = 2147483647;
			files = (
				37A589671A01521F003E3DFB /* Gentium.cpp in Sources */,
			);
			runOnlyForDeploymentPostprocessing = 0;
		};
/* End PBXSourcesBuildPhase section */

/* Begin XCBuildConfiguration section */
		1DEB923608733DC60010E9CD /* Debug */ = {
			isa = XCBuildConfiguration;
			buildSettings = {
				ALWAYS_SEARCH_USER_PATHS = NO;
				ARCHS = x86_64;
				CLANG_CXX_LANGUAGE_STANDARD = "c++0x";
				DEPLOYMENT_LOCATION = YES;
				DSTROOT = "$(SRCROOT)/Builds";
				INSTALL_PATH = /Tools/;
				WARNING_CFLAGS = (
					"-Wall",
					"-Wextra",
					"-Wshadow",
					"-Wshorten-64-to-32",
				);
			};
			name = Debug;
		};
		1DEB923708733DC60010E9CD /* Release */ = {
			isa = XCBuildConfiguration;
			buildSettings = {
				ALWAYS_SEARCH_USER_PATHS = NO;
				ARCHS = x86_64;
				CLANG_CXX_LANGUAGE_STANDARD = "c++0x";
				DEPLOYMENT_LOCATION = YES;
				DSTROOT = "$(SRCROOT)/Builds";
				INSTALL_PATH = /Tools/;
				WARNING_CFLAGS = (
					"-Wall",
					"-Wextra",
					"-Wshadow",
					"-Wshorten-64-to-32",
				);
			};
			name = Release;
		};
		37916C311AB3296D001BD96A /* Debug */ = {
			isa = XCBuildConfiguration;
			buildSettings = {
				HEADER_SEARCH_PATHS = "\"/usr/local/include/freetype2\"";
				LIBRARY_SEARCH_PATHS = "\"/usr/local/lib\"";
				OTHER_LDFLAGS = "-lfreetype";
				PRODUCT_NAME = Petrucci;
			};
			name = Debug;
		};
		37916C321AB3296D001BD96A /* Release */ = {
			isa = XCBuildConfiguration;
			buildSettings = {
				HEADER_SEARCH_PATHS = "\"/usr/local/include/freetype2\"";
				LIBRARY_SEARCH_PATHS = "\"/usr/local/lib\"";
				OTHER_LDFLAGS = "-lfreetype";
				PRODUCT_NAME = Petrucci;
			};
			name = Release;
		};
		37941E8F19FCC4A700C39FAA /* Debug */ = {
			isa = XCBuildConfiguration;
			buildSettings = {
				PRODUCT_NAME = Bellefont;
			};
			name = Debug;
		};
		37941E9019FCC4A700C39FAA /* Release */ = {
			isa = XCBuildConfiguration;
			buildSettings = {
				PRODUCT_NAME = Bellefont;
			};
			name = Release;
		};
		3796691A1A06100D004D3313 /* Debug */ = {
			isa = XCBuildConfiguration;
			buildSettings = {
				HEADER_SEARCH_PATHS = "\"/usr/local/include/freetype2\"";
				LIBRARY_SEARCH_PATHS = "\"/usr/local/lib\"";
				OTHER_LDFLAGS = "-lfreetype";
				PRODUCT_NAME = Joie;
			};
			name = Debug;
		};
		3796691B1A06100D004D3313 /* Release */ = {
			isa = XCBuildConfiguration;
			buildSettings = {
				HEADER_SEARCH_PATHS = "\"/usr/local/include/freetype2\"";
				LIBRARY_SEARCH_PATHS = "\"/usr/local/lib\"";
				OTHER_LDFLAGS = "-lfreetype";
				PRODUCT_NAME = Joie;
			};
			name = Release;
		};
		37A3A5451AC3E8D0005CA738 /* Debug */ = {
			isa = XCBuildConfiguration;
			buildSettings = {
				PRODUCT_NAME = Belle;
			};
			name = Debug;
		};
		37A3A5461AC3E8D0005CA738 /* Release */ = {
			isa = XCBuildConfiguration;
			buildSettings = {
				PRODUCT_NAME = Belle;
			};
			name = Release;
		};
		37A589621A0151E6003E3DFB /* Debug */ = {
			isa = XCBuildConfiguration;
			buildSettings = {
				HEADER_SEARCH_PATHS = "\"/usr/local/include/freetype2\"";
				LIBRARY_SEARCH_PATHS = "\"/usr/local/lib\"";
				OTHER_LDFLAGS = "-lfreetype";
				PRODUCT_NAME = Gentium;
			};
			name = Debug;
		};
		37A589631A0151E6003E3DFB /* Release */ = {
			isa = XCBuildConfiguration;
			buildSettings = {
				HEADER_SEARCH_PATHS = "\"/usr/local/include/freetype2\"";
				LIBRARY_SEARCH_PATHS = "\"/usr/local/lib\"";
				OTHER_LDFLAGS = "-lfreetype";
				PRODUCT_NAME = Gentium;
			};
			name = Release;
		};
/* End XCBuildConfiguration section */

/* Begin XCConfigurationList section */
		1DEB923508733DC60010E9CD /* Build configuration list for PBXProject "Belle" */ = {
			isa = XCConfigurationList;
			buildConfigurations = (
				1DEB923608733DC60010E9CD /* Debug */,
				1DEB923708733DC60010E9CD /* Release */,
			);
			defaultConfigurationIsVisible = 0;
			defaultConfigurationName = Release;
		};
		37916C301AB3296D001BD96A /* Build configuration list for PBXNativeTarget "Petrucci" */ = {
			isa = XCConfigurationList;
			buildConfigurations = (
				37916C311AB3296D001BD96A /* Debug */,
				37916C321AB3296D001BD96A /* Release */,
			);
			defaultConfigurationIsVisible = 0;
			defaultConfigurationName = Release;
		};
		37941E8E19FCC4A700C39FAA /* Build configuration list for PBXNativeTarget "Bellefont" */ = {
			isa = XCConfigurationList;
			buildConfigurations = (
				37941E8F19FCC4A700C39FAA /* Debug */,
				37941E9019FCC4A700C39FAA /* Release */,
			);
			defaultConfigurationIsVisible = 0;
			defaultConfigurationName = Release;
		};
		379669191A06100D004D3313 /* Build configuration list for PBXNativeTarget "Joie" */ = {
			isa = XCConfigurationList;
			buildConfigurations = (
				3796691A1A06100D004D3313 /* Debug */,
				3796691B1A06100D004D3313 /* Release */,
			);
			defaultConfigurationIsVisible = 0;
			defaultConfigurationName = Release;
		};
		37A3A5441AC3E8D0005CA738 /* Build configuration list for PBXNativeTarget "Belle" */ = {
			isa = XCConfigurationList;
			buildConfigurations = (
				37A3A5451AC3E8D0005CA738 /* Debug */,
				37A3A5461AC3E8D0005CA738 /* Release */,
			);
			defaultConfigurationIsVisible = 0;
			defaultConfigurationName = Release;
		};
		37A589611A0151E6003E3DFB /* Build configuration list for PBXNativeTarget "Gentium" */ = {
			isa = XCConfigurationList;
			buildConfigurations = (
				37A589621A0151E6003E3DFB /* Debug */,
				37A589631A0151E6003E3DFB /* Release */,
			);
			defaultConfigurationIsVisible = 0;
			defaultConfigurationName = Release;
		};
/* End XCConfigurationList section */
	};
	rootObject = 08FB7793FE84155DC02AAC07 /* Project object */;
}
